// !$*UTF8*$!
{
	archiveVersion = 1;
	classes = {
	};
	objectVersion = 56;
	objects = {

/* Begin PBXBuildFile section */
		162C655D2AECBB49001A4E44 /* PexelModel.swift in Sources */ = {isa = PBXBuildFile; fileRef = 162C655C2AECBB49001A4E44 /* PexelModel.swift */; };
		162C65602AECBBE6001A4E44 /* PexelStore.swift in Sources */ = {isa = PBXBuildFile; fileRef = 162C655F2AECBBE6001A4E44 /* PexelStore.swift */; };
		162C65622AEDF4D7001A4E44 /* ImageView.swift in Sources */ = {isa = PBXBuildFile; fileRef = 162C65612AEDF4D7001A4E44 /* ImageView.swift */; };
		16931E422AEB5B770061938E /* ImageQueryAppApp.swift in Sources */ = {isa = PBXBuildFile; fileRef = 16931E412AEB5B770061938E /* ImageQueryAppApp.swift */; };
		16931E442AEB5B770061938E /* ContentView.swift in Sources */ = {isa = PBXBuildFile; fileRef = 16931E432AEB5B770061938E /* ContentView.swift */; };
		16931E462AEB5B780061938E /* Assets.xcassets in Resources */ = {isa = PBXBuildFile; fileRef = 16931E452AEB5B780061938E /* Assets.xcassets */; };
		16931E492AEB5B780061938E /* Preview Assets.xcassets in Resources */ = {isa = PBXBuildFile; fileRef = 16931E482AEB5B780061938E /* Preview Assets.xcassets */; };
/* End PBXBuildFile section */

/* Begin PBXFileReference section */
		162C655C2AECBB49001A4E44 /* PexelModel.swift */ = {isa = PBXFileReference; lastKnownFileType = sourcecode.swift; path = PexelModel.swift; sourceTree = "<group>"; };
		162C655F2AECBBE6001A4E44 /* PexelStore.swift */ = {isa = PBXFileReference; lastKnownFileType = sourcecode.swift; path = PexelStore.swift; sourceTree = "<group>"; };
		162C65612AEDF4D7001A4E44 /* ImageView.swift */ = {isa = PBXFileReference; lastKnownFileType = sourcecode.swift; path = ImageView.swift; sourceTree = "<group>"; };
		16931E3E2AEB5B770061938E /* ImageQueryApp.app */ = {isa = PBXFileReference; explicitFileType = wrapper.application; includeInIndex = 0; path = ImageQueryApp.app; sourceTree = BUILT_PRODUCTS_DIR; };
		16931E412AEB5B770061938E /* ImageQueryAppApp.swift */ = {isa = PBXFileReference; lastKnownFileType = sourcecode.swift; path = ImageQueryAppApp.swift; sourceTree = "<group>"; };
		16931E432AEB5B770061938E /* ContentView.swift */ = {isa = PBXFileReference; lastKnownFileType = sourcecode.swift; path = ContentView.swift; sourceTree = "<group>"; };
		16931E452AEB5B780061938E /* Assets.xcassets */ = {isa = PBXFileReference; lastKnownFileType = folder.assetcatalog; path = Assets.xcassets; sourceTree = "<group>"; };
		16931E482AEB5B780061938E /* Preview Assets.xcassets */ = {isa = PBXFileReference; lastKnownFileType = folder.assetcatalog; path = "Preview Assets.xcassets"; sourceTree = "<group>"; };
/* End PBXFileReference section */

/* Begin PBXFrameworksBuildPhase section */
		16931E3B2AEB5B770061938E /* Frameworks */ = {
			isa = PBXFrameworksBuildPhase;
			buildActionMask = 2147483647;
			files = (
			);
			runOnlyForDeploymentPostprocessing = 0;
		};
/* End PBXFrameworksBuildPhase section */

/* Begin PBXGroup section */
		162C655B2AECBB05001A4E44 /* Models */ = {
			isa = PBXGroup;
			children = (
				162C655C2AECBB49001A4E44 /* PexelModel.swift */,
				162C655F2AECBBE6001A4E44 /* PexelStore.swift */,
			);
			path = Models;
			sourceTree = "<group>";
		};
		162C655E2AECBB8B001A4E44 /* Views */ = {
			isa = PBXGroup;
			children = (
				16931E432AEB5B770061938E /* ContentView.swift */,
				162C65612AEDF4D7001A4E44 /* ImageView.swift */,
			);
			path = Views;
			sourceTree = "<group>";
		};
		16931E352AEB5B770061938E = {
			isa = PBXGroup;
			children = (
				16931E402AEB5B770061938E /* ImageQueryApp */,
				16931E3F2AEB5B770061938E /* Products */,
			);
			sourceTree = "<group>";
		};
		16931E3F2AEB5B770061938E /* Products */ = {
			isa = PBXGroup;
			children = (
				16931E3E2AEB5B770061938E /* ImageQueryApp.app */,
			);
			name = Products;
			sourceTree = "<group>";
		};
		16931E402AEB5B770061938E /* ImageQueryApp */ = {
			isa = PBXGroup;
			children = (
				162C655E2AECBB8B001A4E44 /* Views */,
				162C655B2AECBB05001A4E44 /* Models */,
				16931E412AEB5B770061938E /* ImageQueryAppApp.swift */,
				16931E452AEB5B780061938E /* Assets.xcassets */,
				16931E472AEB5B780061938E /* Preview Content */,
			);
			path = ImageQueryApp;
			sourceTree = "<group>";
		};
		16931E472AEB5B780061938E /* Preview Content */ = {
			isa = PBXGroup;
			children = (
				16931E482AEB5B780061938E /* Preview Assets.xcassets */,
			);
			path = "Preview Content";
			sourceTree = "<group>";
		};
/* End PBXGroup section */

/* Begin PBXNativeTarget section */
		16931E3D2AEB5B770061938E /* ImageQueryApp */ = {
			isa = PBXNativeTarget;
			buildConfigurationList = 16931E4C2AEB5B780061938E /* Build configuration list for PBXNativeTarget "ImageQueryApp" */;
			buildPhases = (
				16931E3A2AEB5B770061938E /* Sources */,
				16931E3B2AEB5B770061938E /* Frameworks */,
				16931E3C2AEB5B770061938E /* Resources */,
			);
			buildRules = (
			);
			dependencies = (
			);
			name = ImageQueryApp;
			productName = ImageQueryApp;
			productReference = 16931E3E2AEB5B770061938E /* ImageQueryApp.app */;
			productType = "com.apple.product-type.application";
		};
/* End PBXNativeTarget section */

/* Begin PBXProject section */
		16931E362AEB5B770061938E /* Project object */ = {
			isa = PBXProject;
			attributes = {
				BuildIndependentTargetsInParallel = 1;
				LastSwiftUpdateCheck = 1500;
				LastUpgradeCheck = 1500;
				TargetAttributes = {
					16931E3D2AEB5B770061938E = {
						CreatedOnToolsVersion = 15.0;
					};
				};
			};
			buildConfigurationList = 16931E392AEB5B770061938E /* Build configuration list for PBXProject "ImageQueryApp" */;
			compatibilityVersion = "Xcode 14.0";
			developmentRegion = en;
			hasScannedForEncodings = 0;
			knownRegions = (
				en,
				Base,
			);
			mainGroup = 16931E352AEB5B770061938E;
			productRefGroup = 16931E3F2AEB5B770061938E /* Products */;
			projectDirPath = "";
			projectRoot = "";
			targets = (
				16931E3D2AEB5B770061938E /* ImageQueryApp */,
			);
		};
/* End PBXProject section */

/* Begin PBXResourcesBuildPhase section */
		16931E3C2AEB5B770061938E /* Resources */ = {
			isa = PBXResourcesBuildPhase;
			buildActionMask = 2147483647;
			files = (
				16931E492AEB5B780061938E /* Preview Assets.xcassets in Resources */,
				16931E462AEB5B780061938E /* Assets.xcassets in Resources */,
			);
			runOnlyForDeploymentPostprocessing = 0;
		};
/* End PBXResourcesBuildPhase section */

/* Begin PBXSourcesBuildPhase section */
		16931E3A2AEB5B770061938E /* Sources */ = {
			isa = PBXSourcesBuildPhase;
			buildActionMask = 2147483647;
			files = (
				162C65622AEDF4D7001A4E44 /* ImageView.swift in Sources */,
				162C655D2AECBB49001A4E44 /* PexelModel.swift in Sources */,
				16931E442AEB5B770061938E /* ContentView.swift in Sources */,
				162C65602AECBBE6001A4E44 /* PexelStore.swift in Sources */,
				16931E422AEB5B770061938E /* ImageQueryAppApp.swift in Sources */,
			);
			runOnlyForDeploymentPostprocessing = 0;
		};
/* End PBXSourcesBuildPhase section */

/* Begin XCBuildConfiguration section */
		16931E4A2AEB5B780061938E /* Debug */ = {
			isa = XCBuildConfiguration;
			buildSettings = {
				ALWAYS_SEARCH_USER_PATHS = NO;
				ASSETCATALOG_COMPILER_GENERATE_SWIFT_ASSET_SYMBOL_EXTENSIONS = YES;
				CLANG_ANALYZER_NONNULL = YES;
				CLANG_ANALYZER_NUMBER_OBJECT_CONVERSION = YES_AGGRESSIVE;
				CLANG_CXX_LANGUAGE_STANDARD = "gnu++20";
				CLANG_ENABLE_MODULES = YES;
				CLANG_ENABLE_OBJC_ARC = YES;
				CLANG_ENABLE_OBJC_WEAK = YES;
				CLANG_WARN_BLOCK_CAPTURE_AUTORELEASING = YES;
				CLANG_WARN_BOOL_CONVERSION = YES;
				CLANG_WARN_COMMA = YES;
				CLANG_WARN_CONSTANT_CONVERSION = YES;
				CLANG_WARN_DEPRECATED_OBJC_IMPLEMENTATIONS = YES;
				CLANG_WARN_DIRECT_OBJC_ISA_USAGE = YES_ERROR;
				CLANG_WARN_DOCUMENTATION_COMMENTS = YES;
				CLANG_WARN_EMPTY_BODY = YES;
				CLANG_WARN_ENUM_CONVERSION = YES;
				CLANG_WARN_INFINITE_RECURSION = YES;
				CLANG_WARN_INT_CONVERSION = YES;
				CLANG_WARN_NON_LITERAL_NULL_CONVERSION = YES;
				CLANG_WARN_OBJC_IMPLICIT_RETAIN_SELF = YES;
				CLANG_WARN_OBJC_LITERAL_CONVERSION = YES;
				CLANG_WARN_OBJC_ROOT_CLASS = YES_ERROR;
				CLANG_WARN_QUOTED_INCLUDE_IN_FRAMEWORK_HEADER = YES;
				CLANG_WARN_RANGE_LOOP_ANALYSIS = YES;
				CLANG_WARN_STRICT_PROTOTYPES = YES;
				CLANG_WARN_SUSPICIOUS_MOVE = YES;
				CLANG_WARN_UNGUARDED_AVAILABILITY = YES_AGGRESSIVE;
				CLANG_WARN_UNREACHABLE_CODE = YES;
				CLANG_WARN__DUPLICATE_METHOD_MATCH = YES;
				COPY_PHASE_STRIP = NO;
				DEBUG_INFORMATION_FORMAT = dwarf;
				ENABLE_STRICT_OBJC_MSGSEND = YES;
				ENABLE_TESTABILITY = YES;
				ENABLE_USER_SCRIPT_SANDBOXING = YES;
				GCC_C_LANGUAGE_STANDARD = gnu17;
				GCC_DYNAMIC_NO_PIC = NO;
				GCC_NO_COMMON_BLOCKS = YES;
				GCC_OPTIMIZATION_LEVEL = 0;
				GCC_PREPROCESSOR_DEFINITIONS = (
					"DEBUG=1",
					"$(inherited)",
				);
				GCC_WARN_64_TO_32_BIT_CONVERSION = YES;
				GCC_WARN_ABOUT_RETURN_TYPE = YES_ERROR;
				GCC_WARN_UNDECLARED_SELECTOR = YES;
				GCC_WARN_UNINITIALIZED_AUTOS = YES_AGGRESSIVE;
				GCC_WARN_UNUSED_FUNCTION = YES;
				GCC_WARN_UNUSED_VARIABLE = YES;
				IPHONEOS_DEPLOYMENT_TARGET = 17.0;
				LOCALIZATION_PREFERS_STRING_CATALOGS = YES;
				MTL_ENABLE_DEBUG_INFO = INCLUDE_SOURCE;
				MTL_FAST_MATH = YES;
				ONLY_ACTIVE_ARCH = YES;
				SDKROOT = iphoneos;
				SWIFT_ACTIVE_COMPILATION_CONDITIONS = "DEBUG $(inherited)";
				SWIFT_OPTIMIZATION_LEVEL = "-Onone";
			};
			name = Debug;
		};
		16931E4B2AEB5B780061938E /* Release */ = {
			isa = XCBuildConfiguration;
			buildSettings = {
				ALWAYS_SEARCH_USER_PATHS = NO;
				ASSETCATALOG_COMPILER_GENERATE_SWIFT_ASSET_SYMBOL_EXTENSIONS = YES;
				CLANG_ANALYZER_NONNULL = YES;
				CLANG_ANALYZER_NUMBER_OBJECT_CONVERSION = YES_AGGRESSIVE;
				CLANG_CXX_LANGUAGE_STANDARD = "gnu++20";
				CLANG_ENABLE_MODULES = YES;
				CLANG_ENABLE_OBJC_ARC = YES;
				CLANG_ENABLE_OBJC_WEAK = YES;
				CLANG_WARN_BLOCK_CAPTURE_AUTORELEASING = YES;
				CLANG_WARN_BOOL_CONVERSION = YES;
				CLANG_WARN_COMMA = YES;
				CLANG_WARN_CONSTANT_CONVERSION = YES;
				CLANG_WARN_DEPRECATED_OBJC_IMPLEMENTATIONS = YES;
				CLANG_WARN_DIRECT_OBJC_ISA_USAGE = YES_ERROR;
				CLANG_WARN_DOCUMENTATION_COMMENTS = YES;
				CLANG_WARN_EMPTY_BODY = YES;
				CLANG_WARN_ENUM_CONVERSION = YES;
				CLANG_WARN_INFINITE_RECURSION = YES;
				CLANG_WARN_INT_CONVERSION = YES;
				CLANG_WARN_NON_LITERAL_NULL_CONVERSION = YES;
				CLANG_WARN_OBJC_IMPLICIT_RETAIN_SELF = YES;
				CLANG_WARN_OBJC_LITERAL_CONVERSION = YES;
				CLANG_WARN_OBJC_ROOT_CLASS = YES_ERROR;
				CLANG_WARN_QUOTED_INCLUDE_IN_FRAMEWORK_HEADER = YES;
				CLANG_WARN_RANGE_LOOP_ANALYSIS = YES;
				CLANG_WARN_STRICT_PROTOTYPES = YES;
				CLANG_WARN_SUSPICIOUS_MOVE = YES;
				CLANG_WARN_UNGUARDED_AVAILABILITY = YES_AGGRESSIVE;
				CLANG_WARN_UNREACHABLE_CODE = YES;
				CLANG_WARN__DUPLICATE_METHOD_MATCH = YES;
				COPY_PHASE_STRIP = NO;
				DEBUG_INFORMATION_FORMAT = "dwarf-with-dsym";
				ENABLE_NS_ASSERTIONS = NO;
				ENABLE_STRICT_OBJC_MSGSEND = YES;
				ENABLE_USER_SCRIPT_SANDBOXING = YES;
				GCC_C_LANGUAGE_STANDARD = gnu17;
				GCC_NO_COMMON_BLOCKS = YES;
				GCC_WARN_64_TO_32_BIT_CONVERSION = YES;
				GCC_WARN_ABOUT_RETURN_TYPE = YES_ERROR;
				GCC_WARN_UNDECLARED_SELECTOR = YES;
				GCC_WARN_UNINITIALIZED_AUTOS = YES_AGGRESSIVE;
				GCC_WARN_UNUSED_FUNCTION = YES;
				GCC_WARN_UNUSED_VARIABLE = YES;
				IPHONEOS_DEPLOYMENT_TARGET = 17.0;
				LOCALIZATION_PREFERS_STRING_CATALOGS = YES;
				MTL_ENABLE_DEBUG_INFO = NO;
				MTL_FAST_MATH = YES;
				SDKROOT = iphoneos;
				SWIFT_COMPILATION_MODE = wholemodule;
				VALIDATE_PRODUCT = YES;
			};
			name = Release;
		};
		16931E4D2AEB5B780061938E /* Debug */ = {
			isa = XCBuildConfiguration;
			buildSettings = {
				ASSETCATALOG_COMPILER_APPICON_NAME = AppIcon;
				ASSETCATALOG_COMPILER_GLOBAL_ACCENT_COLOR_NAME = AccentColor;
				CODE_SIGN_STYLE = Automatic;
				CURRENT_PROJECT_VERSION = 1;
				DEVELOPMENT_ASSET_PATHS = "\"ImageQueryApp/Preview Content\"";
				DEVELOPMENT_TEAM = D2T4V46CPM;
				ENABLE_PREVIEWS = YES;
				GENERATE_INFOPLIST_FILE = YES;
				INFOPLIST_KEY_UIApplicationSceneManifest_Generation = YES;
				INFOPLIST_KEY_UIApplicationSupportsIndirectInputEvents = YES;
				INFOPLIST_KEY_UILaunchScreen_Generation = YES;
				INFOPLIST_KEY_UISupportedInterfaceOrientations_iPad = "UIInterfaceOrientationPortrait UIInterfaceOrientationPortraitUpsideDown UIInterfaceOrientationLandscapeLeft UIInterfaceOrientationLandscapeRight";
				INFOPLIST_KEY_UISupportedInterfaceOrientations_iPhone = "UIInterfaceOrientationPortrait UIInterfaceOrientationLandscapeLeft UIInterfaceOrientationLandscapeRight";
				LD_RUNPATH_SEARCH_PATHS = (
					"$(inherited)",
					"@executable_path/Frameworks",
				);
				MARKETING_VERSION = 1.0;
				PRODUCT_BUNDLE_IDENTIFIER = org.ios.ImageQueryApp;
				PRODUCT_NAME = "$(TARGET_NAME)";
				SWIFT_EMIT_LOC_STRINGS = YES;
				SWIFT_VERSION = 5.0;
				TARGETED_DEVICE_FAMILY = "1,2";
			};
			name = Debug;
		};
		16931E4E2AEB5B780061938E /* Release */ = {
			isa = XCBuildConfiguration;
			buildSettings = {
				ASSETCATALOG_COMPILER_APPICON_NAME = AppIcon;
				ASSETCATALOG_COMPILER_GLOBAL_ACCENT_COLOR_NAME = AccentColor;
				CODE_SIGN_STYLE = Automatic;
				CURRENT_PROJECT_VERSION = 1;
				DEVELOPMENT_ASSET_PATHS = "\"ImageQueryApp/Preview Content\"";
				DEVELOPMENT_TEAM = D2T4V46CPM;
				ENABLE_PREVIEWS = YES;
				GENERATE_INFOPLIST_FILE = YES;
				INFOPLIST_KEY_UIApplicationSceneManifest_Generation = YES;
				INFOPLIST_KEY_UIApplicationSupportsIndirectInputEvents = YES;
				INFOPLIST_KEY_UILaunchScreen_Generation = YES;
				INFOPLIST_KEY_UISupportedInterfaceOrientations_iPad = "UIInterfaceOrientationPortrait UIInterfaceOrientationPortraitUpsideDown UIInterfaceOrientationLandscapeLeft UIInterfaceOrientationLandscapeRight";
				INFOPLIST_KEY_UISupportedInterfaceOrientations_iPhone = "UIInterfaceOrientationPortrait UIInterfaceOrientationLandscapeLeft UIInterfaceOrientationLandscapeRight";
				LD_RUNPATH_SEARCH_PATHS = (
					"$(inherited)",
					"@executable_path/Frameworks",
				);
				MARKETING_VERSION = 1.0;
				PRODUCT_BUNDLE_IDENTIFIER = org.ios.ImageQueryApp;
				PRODUCT_NAME = "$(TARGET_NAME)";
				SWIFT_EMIT_LOC_STRINGS = YES;
				SWIFT_VERSION = 5.0;
				TARGETED_DEVICE_FAMILY = "1,2";
			};
			name = Release;
		};
/* End XCBuildConfiguration section */

/* Begin XCConfigurationList section */
		16931E392AEB5B770061938E /* Build configuration list for PBXProject "ImageQueryApp" */ = {
			isa = XCConfigurationList;
			buildConfigurations = (
				16931E4A2AEB5B780061938E /* Debug */,
				16931E4B2AEB5B780061938E /* Release */,
			);
			defaultConfigurationIsVisible = 0;
			defaultConfigurationName = Release;
		};
		16931E4C2AEB5B780061938E /* Build configuration list for PBXNativeTarget "ImageQueryApp" */ = {
			isa = XCConfigurationList;
			buildConfigurations = (
				16931E4D2AEB5B780061938E /* Debug */,
				16931E4E2AEB5B780061938E /* Release */,
			);
			defaultConfigurationIsVisible = 0;
			defaultConfigurationName = Release;
		};
/* End XCConfigurationList section */
	};
	rootObject = 16931E362AEB5B770061938E /* Project object */;
}
